# This file is automatically @generated by Cargo.
# It is not intended for manual editing.
version = 4

[[package]]
name = "abi-tester"
version = "0.0.0"
dependencies = [
 "numbat-wasm",
 "numbat-wasm-debug",
 "numbat-wasm-derive",
 "numbat-wasm-node",
]

[[package]]
name = "abi-tester-abi"
version = "0.0.0"
dependencies = [
 "abi-tester",
 "numbat-wasm",
 "numbat-wasm-debug",
]

[[package]]
name = "adder"
version = "0.0.0"
dependencies = [
 "numbat-wasm",
 "numbat-wasm-debug",
 "numbat-wasm-derive",
 "numbat-wasm-node",
]

[[package]]
name = "adder-abi"
version = "0.0.0"
dependencies = [
 "adder",
 "numbat-wasm",
 "numbat-wasm-debug",
]

[[package]]
name = "ahash"
version = "0.4.8"
source = "registry+https://github.com/rust-lang/crates.io-index"
checksum = "0453232ace82dee0dd0b4c87a59bd90f7b53b314f3e0f61fe2ee7c8a16482289"

[[package]]
name = "arrayvec"
version = "0.5.2"
source = "registry+https://github.com/rust-lang/crates.io-index"
checksum = "23b62fc65de8e4e7f52534fb52b0f3ed04746ae267519eef2a83941e8085068b"

[[package]]
name = "async"
version = "0.0.0"
dependencies = [
 "async-alice",
 "async-bob",
 "forwarder",
 "forwarder-raw",
 "numbat-wasm",
 "numbat-wasm-debug",
 "numbat-wasm-derive",
 "numbat-wasm-node",
 "vault",
]

[[package]]
name = "async-alice"
version = "0.0.0"
dependencies = [
 "hex-literal",
 "numbat-wasm",
 "numbat-wasm-debug",
 "numbat-wasm-derive",
 "numbat-wasm-node",
]

[[package]]
name = "async-bob"
version = "0.0.0"
dependencies = [
 "numbat-wasm",
 "numbat-wasm-debug",
 "numbat-wasm-derive",
 "numbat-wasm-node",
]

[[package]]
name = "autocfg"
version = "1.4.0"
source = "registry+https://github.com/rust-lang/crates.io-index"
checksum = "ace50bade8e6234aa140d9a2f552bbee1db4d353f69b8217bc503490fc1a9f26"

[[package]]
name = "basic-features"
version = "0.0.0"
dependencies = [
 "numbat-wasm",
 "numbat-wasm-debug",
 "numbat-wasm-derive",
 "numbat-wasm-node",
]

[[package]]
name = "basic-features-abi"
version = "0.0.0"
dependencies = [
 "basic-features",
 "numbat-wasm",
 "numbat-wasm-debug",
]

[[package]]
name = "block-buffer"
version = "0.9.0"
source = "registry+https://github.com/rust-lang/crates.io-index"
checksum = "4152116fd6e9dadb291ae18fc1ec3575ed6d84c29642d97890f4b4a3417297e4"
dependencies = [
 "block-padding",
 "generic-array",
]

[[package]]
name = "block-padding"
version = "0.2.1"
source = "registry+https://github.com/rust-lang/crates.io-index"
checksum = "8d696c370c750c948ada61c69a0ee2cbbb9c50b1019ddb86d9317157a99c2cae"

[[package]]
name = "cfg-if"
version = "0.1.10"
source = "registry+https://github.com/rust-lang/crates.io-index"
checksum = "4785bdd1c96b2a846b2bd7cc02e86b6b3dbf14e7e53446c4f54c92a361040822"

[[package]]
name = "cfg-if"
version = "1.0.0"
source = "registry+https://github.com/rust-lang/crates.io-index"
checksum = "baf1de4339761588bc0619e3cbc0120ee582ebb74b53b4efbf79117bd2da40fd"

[[package]]
name = "child"
version = "0.0.0"
dependencies = [
 "numbat-wasm",
 "numbat-wasm-debug",
 "numbat-wasm-derive",
 "numbat-wasm-node",
]

[[package]]
name = "cpufeatures"
version = "0.2.16"
source = "registry+https://github.com/rust-lang/crates.io-index"
checksum = "16b80225097f2e5ae4e7179dd2266824648f3e2f49d9134d584b76389d31c4c3"
dependencies = [
 "libc",
]

[[package]]
name = "crowdfunding-dcdt"
version = "0.0.0"
dependencies = [
 "numbat-wasm",
 "numbat-wasm-debug",
 "numbat-wasm-derive",
 "numbat-wasm-node",
]

[[package]]
name = "crowdfunding-dcdt-abi"
version = "0.0.0"
dependencies = [
 "crowdfunding-dcdt",
 "numbat-wasm",
 "numbat-wasm-debug",
]

[[package]]
name = "crowdfunding-erc20"
version = "0.0.0"
dependencies = [
 "erc20",
 "numbat-wasm",
 "numbat-wasm-debug",
 "numbat-wasm-derive",
 "numbat-wasm-node",
]

[[package]]
name = "crowdfunding-erc20-abi"
version = "0.0.0"
dependencies = [
 "crowdfunding-erc20",
 "numbat-wasm",
 "numbat-wasm-debug",
]

[[package]]
name = "crypto-bubbles"
version = "0.0.0"
dependencies = [
 "numbat-wasm",
 "numbat-wasm-debug",
 "numbat-wasm-derive",
 "numbat-wasm-node",
]

[[package]]
name = "crypto-bubbles-abi"
version = "0.0.0"
dependencies = [
 "crypto-bubbles",
 "numbat-wasm",
 "numbat-wasm-debug",
]

[[package]]
name = "dcdt-contract-pair"
version = "0.0.0"
dependencies = [
 "first-contract",
 "numbat-wasm",
 "numbat-wasm-debug",
 "numbat-wasm-derive",
 "numbat-wasm-node",
 "second-contract",
]

[[package]]
name = "dcdt-nft-marketplace"
version = "0.0.0"
dependencies = [
 "numbat-wasm",
 "numbat-wasm-debug",
 "numbat-wasm-derive",
 "numbat-wasm-node",
]

[[package]]
name = "dcdt-nft-marketplace-abi"
version = "0.0.0"
dependencies = [
 "dcdt-nft-marketplace",
 "numbat-wasm",
 "numbat-wasm-debug",
]

[[package]]
name = "denali"
version = "0.7.2"
dependencies = [
 "hex",
 "num-bigint",
 "num-traits",
 "serde",
 "serde_json",
 "sha3",
]

[[package]]
name = "deploy-two-contracts"
version = "0.0.0"
dependencies = [
 "numbat-wasm",
 "numbat-wasm-debug",
 "numbat-wasm-derive",
 "numbat-wasm-node",
]

[[package]]
name = "digest"
version = "0.9.0"
source = "registry+https://github.com/rust-lang/crates.io-index"
checksum = "d3dd60d1080a57a05ab032377049e0591415d2b31afd7028356dbf3cc6dcb066"
dependencies = [
 "generic-array",
]

[[package]]
name = "erc1155"
version = "0.0.0"
dependencies = [
 "erc1155-user-mock",
 "numbat-wasm",
 "numbat-wasm-debug",
 "numbat-wasm-derive",
 "numbat-wasm-node",
]

[[package]]
name = "erc1155-abi"
version = "0.0.0"
dependencies = [
 "erc1155",
 "numbat-wasm",
 "numbat-wasm-debug",
]

[[package]]
name = "erc1155-marketplace"
version = "0.0.0"
dependencies = [
 "erc1155",
 "numbat-wasm",
 "numbat-wasm-debug",
 "numbat-wasm-derive",
 "numbat-wasm-node",
]

[[package]]
name = "erc1155-marketplace-abi"
version = "0.0.0"
dependencies = [
 "erc1155-marketplace",
 "numbat-wasm",
 "numbat-wasm-debug",
]

[[package]]
name = "erc1155-user-mock"
version = "0.0.0"
dependencies = [
 "numbat-wasm",
 "numbat-wasm-debug",
 "numbat-wasm-derive",
 "numbat-wasm-node",
]

[[package]]
name = "erc1155-user-mock-abi"
version = "0.0.0"
dependencies = [
 "erc1155-user-mock",
 "numbat-wasm",
 "numbat-wasm-debug",
]

[[package]]
name = "erc20"
version = "0.0.0"
dependencies = [
 "numbat-wasm",
 "numbat-wasm-debug",
 "numbat-wasm-derive",
 "numbat-wasm-node",
]

[[package]]
name = "erc20-abi"
version = "0.0.0"
dependencies = [
 "erc20",
 "numbat-wasm",
 "numbat-wasm-debug",
]

[[package]]
name = "erc721"
version = "0.0.0"
dependencies = [
 "numbat-wasm",
 "numbat-wasm-debug",
 "numbat-wasm-derive",
 "numbat-wasm-node",
]

[[package]]
name = "erc721-abi"
version = "0.0.0"
dependencies = [
 "erc721",
 "numbat-wasm",
 "numbat-wasm-debug",
]

[[package]]
name = "factorial"
version = "0.0.0"
dependencies = [
 "numbat-wasm",
 "numbat-wasm-debug",
 "numbat-wasm-derive",
 "numbat-wasm-node",
]

[[package]]
name = "factorial-abi"
version = "0.0.0"
dependencies = [
 "factorial",
 "numbat-wasm",
 "numbat-wasm-debug",
]

[[package]]
name = "first-contract"
version = "0.0.0"
dependencies = [
 "numbat-wasm",
 "numbat-wasm-debug",
 "numbat-wasm-derive",
 "numbat-wasm-node",
]

[[package]]
name = "forwarder"
version = "0.0.0"
dependencies = [
 "numbat-wasm",
 "numbat-wasm-debug",
 "numbat-wasm-derive",
 "numbat-wasm-node",
 "vault",
]

[[package]]
name = "forwarder-raw"
version = "0.0.0"
dependencies = [
 "numbat-wasm",
 "numbat-wasm-debug",
 "numbat-wasm-derive",
 "numbat-wasm-node",
]

[[package]]
name = "generic-array"
version = "0.14.7"
source = "registry+https://github.com/rust-lang/crates.io-index"
checksum = "85649ca51fd72272d7821adaf274ad91c288277713d9c18820d8499a7ff69e9a"
dependencies = [
 "typenum",
 "version_check",
]

[[package]]
name = "hashbrown"
version = "0.9.1"
source = "registry+https://github.com/rust-lang/crates.io-index"
checksum = "d7afe4a420e3fe79967a00898cc1f4db7c8a49a9333a29f8a4bd76a253d5cd04"
dependencies = [
 "ahash",
]

[[package]]
name = "hex"
version = "0.4.3"
source = "registry+https://github.com/rust-lang/crates.io-index"
checksum = "7f24254aa9a54b5c858eaee2f5bccdb46aaf0e486a595ed5fd8f86ba55232a70"

[[package]]
name = "hex-literal"
version = "0.3.4"
source = "registry+https://github.com/rust-lang/crates.io-index"
checksum = "7ebdb29d2ea9ed0083cd8cece49bbd968021bd99b0849edb4a9a7ee0fdf6a4e0"

[[package]]
name = "itoa"
version = "1.0.14"
source = "registry+https://github.com/rust-lang/crates.io-index"
checksum = "d75a2a4b1b190afb6f5425f10f6a8f959d2ea0b9c2b1d79553551850539e4674"

[[package]]
name = "keccak"
version = "0.1.5"
source = "registry+https://github.com/rust-lang/crates.io-index"
checksum = "ecc2af9a1119c51f12a14607e783cb977bde58bc069ff0c3da1095e635d70654"
dependencies = [
 "cpufeatures",
]

[[package]]
name = "kitty"
version = "0.0.0"
dependencies = [
 "numbat-wasm",
 "numbat-wasm-derive",
 "random",
]

[[package]]
name = "kitty-auction"
version = "0.0.0"
dependencies = [
 "kitty",
 "kitty-ownership",
 "numbat-wasm",
 "numbat-wasm-debug",
 "numbat-wasm-derive",
 "numbat-wasm-node",
]

[[package]]
name = "kitty-genetic-alg"
version = "0.0.0"
dependencies = [
 "kitty",
 "numbat-wasm",
 "numbat-wasm-debug",
 "numbat-wasm-derive",
 "numbat-wasm-node",
 "random",
]

[[package]]
name = "kitty-ownership"
version = "0.0.0"
dependencies = [
 "kitty",
 "kitty-genetic-alg",
 "numbat-wasm",
 "numbat-wasm-debug",
 "numbat-wasm-derive",
 "numbat-wasm-node",
 "random",
]

[[package]]
name = "libc"
version = "0.2.166"
source = "registry+https://github.com/rust-lang/crates.io-index"
checksum = "c2ccc108bbc0b1331bd061864e7cd823c0cab660bbe6970e66e2c0614decde36"

[[package]]
name = "local-dcdt-and-nft"
version = "0.0.0"
dependencies = [
 "numbat-wasm",
 "numbat-wasm-debug",
 "numbat-wasm-derive",
 "numbat-wasm-node",
]

[[package]]
name = "lottery-dcdt"
version = "0.0.0"
dependencies = [
 "numbat-wasm",
 "numbat-wasm-debug",
 "numbat-wasm-derive",
 "numbat-wasm-node",
]

[[package]]
name = "lottery-dcdt-abi"
version = "0.0.0"
dependencies = [
 "lottery-dcdt",
 "numbat-wasm",
 "numbat-wasm-debug",
]

[[package]]
name = "lottery-erc20"
version = "0.0.0"
dependencies = [
 "erc20",
 "numbat-wasm",
 "numbat-wasm-debug",
 "numbat-wasm-derive",
 "numbat-wasm-node",
]

[[package]]
name = "lottery-erc20-abi"
version = "0.0.0"
dependencies = [
 "lottery-erc20",
 "numbat-wasm",
 "numbat-wasm-debug",
]

[[package]]
name = "memchr"
version = "2.7.4"
source = "registry+https://github.com/rust-lang/crates.io-index"
checksum = "78ca9ab1a0babb1e7d5695e3530886289c18cf2f87ec19a575a0abdce112e3a3"

[[package]]
name = "memory_units"
version = "0.4.0"
source = "registry+https://github.com/rust-lang/crates.io-index"
checksum = "8452105ba047068f40ff7093dd1d9da90898e63dd61736462e9cdda6a90ad3c3"

[[package]]
name = "multisig"
version = "0.0.0"
dependencies = [
 "numbat-wasm",
 "numbat-wasm-debug",
 "numbat-wasm-derive",
 "numbat-wasm-node",
]

[[package]]
name = "multisig-abi"
version = "0.0.0"
dependencies = [
 "multisig",
 "numbat-wasm",
 "numbat-wasm-debug",
]

[[package]]
name = "nft-receiver"
version = "0.0.0"
dependencies = [
 "numbat-wasm",
 "numbat-wasm-debug",
 "numbat-wasm-derive",
 "numbat-wasm-node",
]

[[package]]
name = "nft-storage-prepay"
version = "0.0.0"
dependencies = [
 "numbat-wasm",
 "numbat-wasm-debug",
 "numbat-wasm-derive",
 "numbat-wasm-node",
]

[[package]]
name = "nft-storage-prepay-abi"
version = "0.0.0"
dependencies = [
 "nft-storage-prepay",
 "numbat-wasm",
 "numbat-wasm-debug",
]

[[package]]
name = "num-bigint"
version = "0.4.6"
source = "registry+https://github.com/rust-lang/crates.io-index"
checksum = "a5e44f723f1133c9deac646763579fdb3ac745e418f2a7af9cd0c431da1f20b9"
dependencies = [
 "num-integer",
 "num-traits",
]

[[package]]
name = "num-integer"
version = "0.1.46"
source = "registry+https://github.com/rust-lang/crates.io-index"
checksum = "7969661fd2958a5cb096e56c8e1ad0444ac2bbcd0061bd28660485a44879858f"
dependencies = [
 "num-traits",
]

[[package]]
name = "num-traits"
version = "0.2.19"
source = "registry+https://github.com/rust-lang/crates.io-index"
checksum = "071dfc062690e90b734c0b2273ce72ad0ffa95f0c74596bc250dcfd960262841"
dependencies = [
 "autocfg",
]

[[package]]
name = "numbat-codec"
version = "0.5.3"
dependencies = [
 "arrayvec",
 "numbat-codec-derive",
 "wee_alloc",
]

[[package]]
name = "numbat-codec-derive"
version = "0.5.3"
dependencies = [
 "hex",
 "proc-macro2",
 "quote",
 "syn 1.0.109",
]

[[package]]
name = "numbat-wasm"
version = "0.17.2"
dependencies = [
 "arrayvec",
 "hashbrown",
 "hex-literal",
 "numbat-codec",
 "wee_alloc",
]

[[package]]
name = "numbat-wasm-debug"
version = "0.17.2"
dependencies = [
 "denali",
 "hex",
 "num-bigint",
 "num-traits",
 "numbat-wasm",
 "serde",
 "serde_json",
 "sha2",
 "sha3",
]

[[package]]
name = "numbat-wasm-derive"
version = "0.17.2"
dependencies = [
 "hex",
 "proc-macro2",
 "quote",
 "syn 1.0.109",
]

[[package]]
name = "numbat-wasm-module-dns"
version = "0.17.2"
dependencies = [
 "numbat-wasm",
 "numbat-wasm-debug",
 "numbat-wasm-derive",
 "numbat-wasm-node",
]

[[package]]
name = "numbat-wasm-module-features"
version = "0.17.2"
dependencies = [
 "numbat-wasm",
 "numbat-wasm-debug",
 "numbat-wasm-derive",
 "numbat-wasm-node",
]

[[package]]
name = "numbat-wasm-module-pause"
version = "0.17.2"
dependencies = [
 "numbat-wasm",
 "numbat-wasm-debug",
 "numbat-wasm-derive",
 "numbat-wasm-node",
]

[[package]]
name = "numbat-wasm-module-users"
version = "0.17.2"
dependencies = [
 "numbat-wasm",
 "numbat-wasm-debug",
 "numbat-wasm-derive",
 "numbat-wasm-node",
]

[[package]]
name = "numbat-wasm-node"
version = "0.17.2"
dependencies = [
 "numbat-wasm",
]

[[package]]
name = "opaque-debug"
version = "0.3.1"
source = "registry+https://github.com/rust-lang/crates.io-index"
checksum = "c08d65885ee38876c4f86fa503fb49d7b507c2b62552df7c70b2fce627e06381"

[[package]]
name = "panic-message-features"
version = "0.0.0"
dependencies = [
 "numbat-wasm",
 "numbat-wasm-debug",
 "numbat-wasm-derive",
 "numbat-wasm-node",
]

[[package]]
name = "parent"
version = "0.0.0"
dependencies = [
 "child",
 "numbat-wasm",
 "numbat-wasm-debug",
 "numbat-wasm-derive",
 "numbat-wasm-node",
]

[[package]]
name = "payable-features"
version = "0.0.0"
dependencies = [
 "numbat-wasm",
 "numbat-wasm-debug",
 "numbat-wasm-derive",
 "numbat-wasm-node",
]

[[package]]
name = "payable-features-abi"
version = "0.0.0"
dependencies = [
 "numbat-wasm",
 "numbat-wasm-debug",
 "payable-features",
]

[[package]]
name = "ping-pong-rewa"
version = "0.0.2"
dependencies = [
 "numbat-wasm",
 "numbat-wasm-debug",
 "numbat-wasm-derive",
 "numbat-wasm-node",
]

[[package]]
name = "ping-pong-rewa-abi"
version = "0.0.0"
dependencies = [
 "numbat-wasm",
 "numbat-wasm-debug",
 "ping-pong-rewa",
]

[[package]]
name = "proc-macro2"
version = "1.0.92"
source = "registry+https://github.com/rust-lang/crates.io-index"
checksum = "37d3544b3f2748c54e147655edb5025752e2303145b5aefb3c3ea2c78b973bb0"
dependencies = [
 "unicode-ident",
]

[[package]]
name = "quote"
version = "1.0.37"
source = "registry+https://github.com/rust-lang/crates.io-index"
checksum = "b5b9d34b8991d19d98081b46eacdd8eb58c6f2b201139f7c5f643cc155a633af"
dependencies = [
 "proc-macro2",
]

[[package]]
name = "random"
version = "0.0.0"

[[package]]
name = "recursive-caller"
version = "0.0.0"
dependencies = [
 "numbat-wasm",
 "numbat-wasm-debug",
 "numbat-wasm-derive",
 "numbat-wasm-node",
 "vault",
]

[[package]]
name = "rewa-dcdt-swap"
version = "0.0.0"
dependencies = [
 "numbat-wasm",
 "numbat-wasm-debug",
 "numbat-wasm-derive",
 "numbat-wasm-node",
]

[[package]]
name = "rewa-dcdt-swap-abi"
version = "0.0.0"
dependencies = [
 "numbat-wasm",
 "numbat-wasm-debug",
 "rewa-dcdt-swap",
]

[[package]]
name = "ryu"
version = "1.0.18"
source = "registry+https://github.com/rust-lang/crates.io-index"
checksum = "f3cb5ba0dc43242ce17de99c180e96db90b235b8a9fdc9543c96d2209116bd9f"

[[package]]
name = "second-contract"
version = "0.0.0"
dependencies = [
 "numbat-wasm",
 "numbat-wasm-debug",
 "numbat-wasm-derive",
 "numbat-wasm-node",
]

[[package]]
name = "send-tx-repeat"
version = "0.0.0"
dependencies = [
 "numbat-wasm",
 "numbat-wasm-debug",
 "numbat-wasm-derive",
 "numbat-wasm-node",
]

[[package]]
name = "serde"
version = "1.0.215"
source = "registry+https://github.com/rust-lang/crates.io-index"
checksum = "6513c1ad0b11a9376da888e3e0baa0077f1aed55c17f50e7b2397136129fb88f"
dependencies = [
 "serde_derive",
]

[[package]]
name = "serde_derive"
version = "1.0.215"
source = "registry+https://github.com/rust-lang/crates.io-index"
checksum = "ad1e866f866923f252f05c889987993144fb74e722403468a4ebd70c3cd756c0"
dependencies = [
 "proc-macro2",
 "quote",
 "syn 2.0.89",
]

[[package]]
name = "serde_json"
version = "1.0.133"
source = "registry+https://github.com/rust-lang/crates.io-index"
checksum = "c7fceb2473b9166b2294ef05efcb65a3db80803f0b03ef86a5fc88a2b85ee377"
dependencies = [
 "itoa",
 "memchr",
 "ryu",
 "serde",
]

[[package]]
name = "sha2"
version = "0.9.9"
source = "registry+https://github.com/rust-lang/crates.io-index"
checksum = "4d58a1e1bf39749807d89cf2d98ac2dfa0ff1cb3faa38fbb64dd88ac8013d800"
dependencies = [
 "block-buffer",
 "cfg-if 1.0.0",
 "cpufeatures",
 "digest",
 "opaque-debug",
]

[[package]]
name = "sha3"
version = "0.9.1"
source = "registry+https://github.com/rust-lang/crates.io-index"
checksum = "f81199417d4e5de3f04b1e871023acea7389672c4135918f05aa9cbf2f2fa809"
dependencies = [
 "block-buffer",
 "digest",
 "keccak",
 "opaque-debug",
]

[[package]]
name = "str-repeat"
version = "0.0.0"
dependencies = [
 "numbat-wasm",
 "numbat-wasm-debug",
 "numbat-wasm-derive",
 "numbat-wasm-node",
]

[[package]]
name = "syn"
version = "1.0.109"
source = "registry+https://github.com/rust-lang/crates.io-index"
checksum = "72b64191b275b66ffe2469e8af2c1cfe3bafa67b529ead792a6d0160888b4237"
dependencies = [
 "proc-macro2",
 "quote",
 "unicode-ident",
]

[[package]]
name = "syn"
version = "2.0.89"
source = "registry+https://github.com/rust-lang/crates.io-index"
checksum = "44d46482f1c1c87acd84dea20c1bf5ebff4c757009ed6bf19cfd36fb10e92c4e"
dependencies = [
 "proc-macro2",
 "quote",
 "unicode-ident",
]

[[package]]
name = "test-gen"
version = "0.0.0"

[[package]]
name = "typenum"
version = "1.17.0"
source = "registry+https://github.com/rust-lang/crates.io-index"
checksum = "42ff0bf0c66b8238c6f3b578df37d0b7848e55df8577b3f74f92a69acceeb825"

[[package]]
name = "unicode-ident"
version = "1.0.14"
source = "registry+https://github.com/rust-lang/crates.io-index"
checksum = "adb9e6ca4f869e1180728b7950e35922a7fc6397f7b641499e8f3ef06e50dc83"

[[package]]
name = "use-module"
version = "0.0.0"
dependencies = [
 "numbat-wasm",
 "numbat-wasm-debug",
 "numbat-wasm-derive",
 "numbat-wasm-module-dns",
 "numbat-wasm-module-features",
 "numbat-wasm-module-pause",
 "numbat-wasm-node",
]

[[package]]
name = "use-module-abi"
version = "0.0.0"
dependencies = [
 "numbat-wasm",
 "numbat-wasm-debug",
 "use-module",
]

[[package]]
name = "vault"
version = "0.0.0"
dependencies = [
 "numbat-wasm",
 "numbat-wasm-debug",
 "numbat-wasm-derive",
 "numbat-wasm-node",
]

[[package]]
name = "version_check"
version = "0.9.5"
source = "registry+https://github.com/rust-lang/crates.io-index"
checksum = "0b928f33d975fc6ad9f86c8f283853ad26bdd5b10b7f1542aa2fa15e2289105a"

[[package]]
name = "wee_alloc"
version = "0.4.5"
source = "registry+https://github.com/rust-lang/crates.io-index"
checksum = "dbb3b5a6b2bb17cb6ad44a2e68a43e8d2722c997da10e928665c72ec6c0a0b8e"
dependencies = [
 "cfg-if 0.1.10",
 "libc",
 "memory_units",
 "winapi",
]

[[package]]
name = "winapi"
version = "0.3.9"
source = "registry+https://github.com/rust-lang/crates.io-index"
checksum = "5c839a674fcd7a98952e593242ea400abe93992746761e38641405d28b00f419"
dependencies = [
 "winapi-i686-pc-windows-gnu",
 "winapi-x86_64-pc-windows-gnu",
]

[[package]]
name = "winapi-i686-pc-windows-gnu"
version = "0.4.0"
source = "registry+https://github.com/rust-lang/crates.io-index"
checksum = "ac3b87c63620426dd9b991e5ce0329eff545bccbbb34f3be09ff6fb6ab51b7b6"

[[package]]
name = "winapi-x86_64-pc-windows-gnu"
version = "0.4.0"
source = "registry+https://github.com/rust-lang/crates.io-index"
checksum = "712e227841d057c1ee1cd2fb22fa7e5a5461ae8e48fa2ca79ec42cfc1931183f"
